// !$*UTF8*$!
{
	archiveVersion = 1;
	classes = {
	};
	objectVersion = 46;
	objects = {

/* Begin PBXBuildFile section */
		8BBBC0B61F375B2E00C771BF /* AppDelegate.swift in Sources */ = {isa = PBXBuildFile; fileRef = 8BBBC0B51F375B2E00C771BF /* AppDelegate.swift */; };
		8BBBC0B81F375B2E00C771BF /* ViewController.swift in Sources */ = {isa = PBXBuildFile; fileRef = 8BBBC0B71F375B2E00C771BF /* ViewController.swift */; };
		8BBBC0BB1F375B2E00C771BF /* Main.storyboard in Resources */ = {isa = PBXBuildFile; fileRef = 8BBBC0B91F375B2E00C771BF /* Main.storyboard */; };
		8BBBC0BD1F375B2E00C771BF /* Assets.xcassets in Resources */ = {isa = PBXBuildFile; fileRef = 8BBBC0BC1F375B2E00C771BF /* Assets.xcassets */; };
		8BBBC0C01F375B2E00C771BF /* LaunchScreen.storyboard in Resources */ = {isa = PBXBuildFile; fileRef = 8BBBC0BE1F375B2E00C771BF /* LaunchScreen.storyboard */; };
/* End PBXBuildFile section */

/* Begin PBXFileReference section */
		8BBBC0B21F375B2D00C771BF /* pushNotificationSample.app */ = {isa = PBXFileReference; explicitFileType = wrapper.application; includeInIndex = 0; path = pushNotificationSample.app; sourceTree = BUILT_PRODUCTS_DIR; };
		8BBBC0B51F375B2E00C771BF /* AppDelegate.swift */ = {isa = PBXFileReference; lastKnownFileType = sourcecode.swift; path = AppDelegate.swift; sourceTree = "<group>"; };
		8BBBC0B71F375B2E00C771BF /* ViewController.swift */ = {isa = PBXFileReference; lastKnownFileType = sourcecode.swift; path = ViewController.swift; sourceTree = "<group>"; };
		8BBBC0BA1F375B2E00C771BF /* Base */ = {isa = PBXFileReference; lastKnownFileType = file.storyboard; name = Base; path = Base.lproj/Main.storyboard; sourceTree = "<group>"; };
		8BBBC0BC1F375B2E00C771BF /* Assets.xcassets */ = {isa = PBXFileReference; lastKnownFileType = folder.assetcatalog; path = Assets.xcassets; sourceTree = "<group>"; };
		8BBBC0BF1F375B2E00C771BF /* Base */ = {isa = PBXFileReference; lastKnownFileType = file.storyboard; name = Base; path = Base.lproj/LaunchScreen.storyboard; sourceTree = "<group>"; };
		8BBBC0C11F375B2E00C771BF /* Info.plist */ = {isa = PBXFileReference; lastKnownFileType = text.plist.xml; path = Info.plist; sourceTree = "<group>"; };
		8BBBC0C71F375C3800C771BF /* pushNotificationSample.entitlements */ = {isa = PBXFileReference; lastKnownFileType = text.plist.entitlements; path = pushNotificationSample.entitlements; sourceTree = "<group>"; };
/* End PBXFileReference section */

/* Begin PBXFrameworksBuildPhase section */
		8BBBC0AF1F375B2D00C771BF /* Frameworks */ = {
			isa = PBXFrameworksBuildPhase;
			buildActionMask = 2147483647;
			files = (
			);
			runOnlyForDeploymentPostprocessing = 0;
		};
/* End PBXFrameworksBuildPhase section */

/* Begin PBXGroup section */
		8BBBC0A91F375B2D00C771BF = {
			isa = PBXGroup;
			children = (
				8BBBC0B41F375B2D00C771BF /* pushNotificationSample */,
				8BBBC0B31F375B2D00C771BF /* Products */,
			);
			sourceTree = "<group>";
		};
		8BBBC0B31F375B2D00C771BF /* Products */ = {
			isa = PBXGroup;
			children = (
				8BBBC0B21F375B2D00C771BF /* pushNotificationSample.app */,
			);
			name = Products;
			sourceTree = "<group>";
		};
		8BBBC0B41F375B2D00C771BF /* pushNotificationSample */ = {
			isa = PBXGroup;
			children = (
				8BBBC0C71F375C3800C771BF /* pushNotificationSample.entitlements */,
				8BBBC0B51F375B2E00C771BF /* AppDelegate.swift */,
				8BBBC0B71F375B2E00C771BF /* ViewController.swift */,
				8BBBC0B91F375B2E00C771BF /* Main.storyboard */,
				8BBBC0BC1F375B2E00C771BF /* Assets.xcassets */,
				8BBBC0BE1F375B2E00C771BF /* LaunchScreen.storyboard */,
				8BBBC0C11F375B2E00C771BF /* Info.plist */,
			);
			path = pushNotificationSample;
			sourceTree = "<group>";
		};
/* End PBXGroup section */

/* Begin PBXNativeTarget section */
		8BBBC0B11F375B2D00C771BF /* pushNotificationSample */ = {
			isa = PBXNativeTarget;
			buildConfigurationList = 8BBBC0C41F375B2E00C771BF /* Build configuration list for PBXNativeTarget "pushNotificationSample" */;
			buildPhases = (
				8BBBC0AE1F375B2D00C771BF /* Sources */,
				8BBBC0AF1F375B2D00C771BF /* Frameworks */,
				8BBBC0B01F375B2D00C771BF /* Resources */,
			);
			buildRules = (
			);
			dependencies = (
			);
			name = pushNotificationSample;
			productName = pushNotificationSample;
			productReference = 8BBBC0B21F375B2D00C771BF /* pushNotificationSample.app */;
			productType = "com.apple.product-type.application";
		};
/* End PBXNativeTarget section */

/* Begin PBXProject section */
		8BBBC0AA1F375B2D00C771BF /* Project object */ = {
			isa = PBXProject;
			attributes = {
				LastSwiftUpdateCheck = 0830;
				LastUpgradeCheck = 0830;
				ORGANIZATIONNAME = Developer;
				TargetAttributes = {
					8BBBC0B11F375B2D00C771BF = {
						CreatedOnToolsVersion = 8.3.2;
						DevelopmentTeam = SDVV536W65;
						ProvisioningStyle = Automatic;
						SystemCapabilities = {
							com.apple.Push = {
								enabled = 1;
							};
						};
					};
				};
			};
			buildConfigurationList = 8BBBC0AD1F375B2D00C771BF /* Build configuration list for PBXProject "pushNotificationSample" */;
			compatibilityVersion = "Xcode 3.2";
			developmentRegion = English;
			hasScannedForEncodings = 0;
			knownRegions = (
				en,
				Base,
			);
			mainGroup = 8BBBC0A91F375B2D00C771BF;
			productRefGroup = 8BBBC0B31F375B2D00C771BF /* Products */;
			projectDirPath = "";
			projectRoot = "";
			targets = (
				8BBBC0B11F375B2D00C771BF /* pushNotificationSample */,
			);
		};
/* End PBXProject section */

/* Begin PBXResourcesBuildPhase section */
		8BBBC0B01F375B2D00C771BF /* Resources */ = {
			isa = PBXResourcesBuildPhase;
			buildActionMask = 2147483647;
			files = (
				8BBBC0C01F375B2E00C771BF /* LaunchScreen.storyboard in Resources */,
				8BBBC0BD1F375B2E00C771BF /* Assets.xcassets in Resources */,
				8BBBC0BB1F375B2E00C771BF /* Main.storyboard in Resources */,
			);
			runOnlyForDeploymentPostprocessing = 0;
		};
/* End PBXResourcesBuildPhase section */

/* Begin PBXSourcesBuildPhase section */
		8BBBC0AE1F375B2D00C771BF /* Sources */ = {
			isa = PBXSourcesBuildPhase;
			buildActionMask = 2147483647;
			files = (
				8BBBC0B81F375B2E00C771BF /* ViewController.swift in Sources */,
				8BBBC0B61F375B2E00C771BF /* AppDelegate.swift in Sources */,
			);
			runOnlyForDeploymentPostprocessing = 0;
		};
/* End PBXSourcesBuildPhase section */

/* Begin PBXVariantGroup section */
		8BBBC0B91F375B2E00C771BF /* Main.storyboard */ = {
			isa = PBXVariantGroup;
			children = (
				8BBBC0BA1F375B2E00C771BF /* Base */,
			);
			name = Main.storyboard;
			sourceTree = "<group>";
		};
		8BBBC0BE1F375B2E00C771BF /* LaunchScreen.storyboard */ = {
			isa = PBXVariantGroup;
			children = (
				8BBBC0BF1F375B2E00C771BF /* Base */,
			);
			name = LaunchScreen.storyboard;
			sourceTree = "<group>";
		};
/* End PBXVariantGroup section */

/* Begin XCBuildConfiguration section */
		8BBBC0C21F375B2E00C771BF /* Debug */ = {
			isa = XCBuildConfiguration;
			buildSettings = {
				ALWAYS_SEARCH_USER_PATHS = NO;
				CLANG_ANALYZER_NONNULL = YES;
				CLANG_ANALYZER_NUMBER_OBJECT_CONVERSION = YES_AGGRESSIVE;
				CLANG_CXX_LANGUAGE_STANDARD = "gnu++0x";
				CLANG_CXX_LIBRARY = "libc++";
				CLANG_ENABLE_MODULES = YES;
				CLANG_ENABLE_OBJC_ARC = YES;
				CLANG_WARN_BOOL_CONVERSION = YES;
				CLANG_WARN_CONSTANT_CONVERSION = YES;
				CLANG_WARN_DIRECT_OBJC_ISA_USAGE = YES_ERROR;
				CLANG_WARN_DOCUMENTATION_COMMENTS = YES;
				CLANG_WARN_EMPTY_BODY = YES;
				CLANG_WARN_ENUM_CONVERSION = YES;
				CLANG_WARN_INFINITE_RECURSION = YES;
				CLANG_WARN_INT_CONVERSION = YES;
				CLANG_WARN_OBJC_ROOT_CLASS = YES_ERROR;
				CLANG_WARN_SUSPICIOUS_MOVE = YES;
				CLANG_WARN_UNREACHABLE_CODE = YES;
				CLANG_WARN__DUPLICATE_METHOD_MATCH = YES;
				"CODE_SIGN_IDENTITY[sdk=iphoneos*]" = "iPhone Developer";
				COPY_PHASE_STRIP = NO;
				DEBUG_INFORMATION_FORMAT = dwarf;
				ENABLE_STRICT_OBJC_MSGSEND = YES;
				ENABLE_TESTABILITY = YES;
				GCC_C_LANGUAGE_STANDARD = gnu99;
				GCC_DYNAMIC_NO_PIC = NO;
				GCC_NO_COMMON_BLOCKS = YES;
				GCC_OPTIMIZATION_LEVEL = 0;
				GCC_PREPROCESSOR_DEFINITIONS = (
					"DEBUG=1",
					"$(inherited)",
				);
				GCC_WARN_64_TO_32_BIT_CONVERSION = YES;
				GCC_WARN_ABOUT_RETURN_TYPE = YES_ERROR;
				GCC_WARN_UNDECLARED_SELECTOR = YES;
				GCC_WARN_UNINITIALIZED_AUTOS = YES_AGGRESSIVE;
				GCC_WARN_UNUSED_FUNCTION = YES;
				GCC_WARN_UNUSED_VARIABLE = YES;
				IPHONEOS_DEPLOYMENT_TARGET = 10.3;
				MTL_ENABLE_DEBUG_INFO = YES;
				ONLY_ACTIVE_ARCH = YES;
				SDKROOT = iphoneos;
				SWIFT_ACTIVE_COMPILATION_CONDITIONS = DEBUG;
				SWIFT_OPTIMIZATION_LEVEL = "-Onone";
			};
			name = Debug;
		};
		8BBBC0C31F375B2E00C771BF /* Release */ = {
			isa = XCBuildConfiguration;
			buildSettings = {
				ALWAYS_SEARCH_USER_PATHS = NO;
				CLANG_ANALYZER_NONNULL = YES;
				CLANG_ANALYZER_NUMBER_OBJECT_CONVERSION = YES_AGGRESSIVE;
				CLANG_CXX_LANGUAGE_STANDARD = "gnu++0x";
				CLANG_CXX_LIBRARY = "libc++";
				CLANG_ENABLE_MODULES = YES;
				CLANG_ENABLE_OBJC_ARC = YES;
				CLANG_WARN_BOOL_CONVERSION = YES;
				CLANG_WARN_CONSTANT_CONVERSION = YES;
				CLANG_WARN_DIRECT_OBJC_ISA_USAGE = YES_ERROR;
				CLANG_WARN_DOCUMENTATION_COMMENTS = YES;
				CLANG_WARN_EMPTY_BODY = YES;
				CLANG_WARN_ENUM_CONVERSION = YES;
				CLANG_WARN_INFINITE_RECURSION = YES;
				CLANG_WARN_INT_CONVERSION = YES;
				CLANG_WARN_OBJC_ROOT_CLASS = YES_ERROR;
				CLANG_WARN_SUSPICIOUS_MOVE = YES;
				CLANG_WARN_UNREACHABLE_CODE = YES;
				CLANG_WARN__DUPLICATE_METHOD_MATCH = YES;
				"CODE_SIGN_IDENTITY[sdk=iphoneos*]" = "iPhone Developer";
				COPY_PHASE_STRIP = NO;
				DEBUG_INFORMATION_FORMAT = "dwarf-with-dsym";
				ENABLE_NS_ASSERTIONS = NO;
				ENABLE_STRICT_OBJC_MSGSEND = YES;
				GCC_C_LANGUAGE_STANDARD = gnu99;
				GCC_NO_COMMON_BLOCKS = YES;
				GCC_WARN_64_TO_32_BIT_CONVERSION = YES;
				GCC_WARN_ABOUT_RETURN_TYPE = YES_ERROR;
				GCC_WARN_UNDECLARED_SELECTOR = YES;
				GCC_WARN_UNINITIALIZED_AUTOS = YES_AGGRESSIVE;
				GCC_WARN_UNUSED_FUNCTION = YES;
				GCC_WARN_UNUSED_VARIABLE = YES;
				IPHONEOS_DEPLOYMENT_TARGET = 10.3;
				MTL_ENABLE_DEBUG_INFO = NO;
				SDKROOT = iphoneos;
				SWIFT_OPTIMIZATION_LEVEL = "-Owholemodule";
				VALIDATE_PRODUCT = YES;
			};
			name = Release;
		};
		8BBBC0C51F375B2E00C771BF /* Debug */ = {
			isa = XCBuildConfiguration;
			buildSettings = {
				ASSETCATALOG_COMPILER_APPICON_NAME = AppIcon;
				CODE_SIGN_ENTITLEMENTS = pushNotificationSample/pushNotificationSample.entitlements;
				DEVELOPMENT_TEAM = SDVV536W65;
				INFOPLIST_FILE = pushNotificationSample/Info.plist;
				LD_RUNPATH_SEARCH_PATHS = "$(inherited) @executable_path/Frameworks";
				PRODUCT_BUNDLE_IDENTIFIER = com.jeff.pushNotificationSample;
				PRODUCT_NAME = "$(TARGET_NAME)";
				SWIFT_VERSION = 3.0;
			};
			name = Debug;
		};
		8BBBC0C61F375B2E00C771BF /* Release */ = {
			isa = XCBuildConfiguration;
			buildSettings = {
				ASSETCATALOG_COMPILER_APPICON_NAME = AppIcon;
				CODE_SIGN_ENTITLEMENTS = pushNotificationSample/pushNotificationSample.entitlements;
				DEVELOPMENT_TEAM = SDVV536W65;
				INFOPLIST_FILE = pushNotificationSample/Info.plist;
				LD_RUNPATH_SEARCH_PATHS = "$(inherited) @executable_path/Frameworks";
				PRODUCT_BUNDLE_IDENTIFIER = com.jeff.pushNotificationSample;
				PRODUCT_NAME = "$(TARGET_NAME)";
				SWIFT_VERSION = 3.0;
			};
			name = Release;
		};
/* End XCBuildConfiguration section */

/* Begin XCConfigurationList section */
		8BBBC0AD1F375B2D00C771BF /* Build configuration list for PBXProject "pushNotificationSample" */ = {
			isa = XCConfigurationList;
			buildConfigurations = (
				8BBBC0C21F375B2E00C771BF /* Debug */,
				8BBBC0C31F375B2E00C771BF /* Release */,
			);
			defaultConfigurationIsVisible = 0;
			defaultConfigurationName = Release;
		};
		8BBBC0C41F375B2E00C771BF /* Build configuration list for PBXNativeTarget "pushNotificationSample" */ = {
			isa = XCConfigurationList;
			buildConfigurations = (
				8BBBC0C51F375B2E00C771BF /* Debug */,
				8BBBC0C61F375B2E00C771BF /* Release */,
			);
			defaultConfigurationIsVisible = 0;
		};
/* End XCConfigurationList section */
	};
	rootObject = 8BBBC0AA1F375B2D00C771BF /* Project object */;
}
